
Microsoft Visual Studio Solution File, Format Version 12.00
# Visual Studio Version 17
VisualStudioVersion = 17.13.36105.23 d17.13
MinimumVisualStudioVersion = 10.0.40219.1
Project("{FAE04EC0-301F-11D3-BF4B-00C04F79EFBC}") = "CheckActivityBot", "CheckActivityBot\CheckActivityBot.csproj", "{121FFBB0-AEF0-455E-B05C-29E81A81B0E3}"
EndProject
Global
	GlobalSection(SolutionConfigurationPlatforms) = preSolution
		Debug|Any CPU = Debug|Any CPU
		Release|Any CPU = Release|Any CPU
	EndGlobalSection
	GlobalSection(ProjectConfigurationPlatforms) = postSolution
		{121FFBB0-AEF0-455E-B05C-29E81A81B0E3}.Debug|Any CPU.ActiveCfg = Debug|Any CPU
		{121FFBB0-AEF0-455E-B05C-29E81A81B0E3}.Debug|Any CPU.Build.0 = Debug|Any CPU
		{121FFBB0-AEF0-455E-B05C-29E81A81B0E3}.Release|Any CPU.ActiveCfg = Release|Any CPU
		{121FFBB0-AEF0-455E-B05C-29E81A81B0E3}.Release|Any CPU.Build.0 = Release|Any CPU
	EndGlobalSection
	GlobalSection(SolutionProperties) = preSolution
		HideSolutionNode = FALSE
	EndGlobalSection
	GlobalSection(ExtensibilityGlobals) = postSolution
		SolutionGuid = {601E433F-B569-4F20-BD44-4969CFF483C7}
	EndGlobalSection
EndGlobal
